DEPENDENCIES
  custom_redis
    path: .
    metadata: true

GRAPH
  apt (4.0.2)
    compat_resource (>= 12.10)
  build-essential (6.0.5)
    compat_resource (>= 12.14)
    mingw (>= 1.1)
    seven_zip (>= 0.0.0)
  compat_resource (12.14.1)
  custom_redis (0.1.0)
    monit-ng (~> 2.3.0)
    redisio (~> 2.4.0)
    sysctl (~> 0.8.0)
    yum-epel (~> 0.7.0)
  dpkg_autostart (0.2.0)
  mingw (1.2.4)
    compat_resource (>= 0.0.0)
    seven_zip (>= 0.0.0)
  monit-ng (2.3.0)
    apt (>= 0.0.0)
    build-essential (>= 0.0.0)
    dpkg_autostart (>= 0.0.0)
    ubuntu (>= 0.0.0)
    yum-epel (>= 0.0.0)
  ohai (4.2.0)
    compat_resource (>= 12.10)
  redisio (2.4.2)
    build-essential (>= 0.0.0)
    ulimit (>= 0.1.2)
  seven_zip (2.0.2)
    windows (>= 1.2.2)
  sysctl (0.8.0)
    ohai (~> 4.0)
  ubuntu (2.0.0)
    apt (>= 0.0.0)
  ulimit (0.4.0)
  windows (2.0.2)
  yum (4.0.0)
  yum-epel (0.7.1)
    yum (>= 3.6.3)
